
Microsoft Visual Studio Solution File, Format Version 12.00
# Visual Studio 15
VisualStudioVersion = 15.0.26823.1
MinimumVisualStudioVersion = 10.0.40219.1
Project("{FAE04EC0-301F-11D3-BF4B-00C04F79EFBC}") = "StudentClassProject", "StudentClassProject\StudentClassProject.csproj", "{46EC8A33-8B4F-4D8B-891F-70FB8B7FF864}"
EndProject
Global
	GlobalSection(SolutionConfigurationPlatforms) = preSolution
		Debug|Any CPU = Debug|Any CPU
		Release|Any CPU = Release|Any CPU
	EndGlobalSection
	GlobalSection(ProjectConfigurationPlatforms) = postSolution
		{46EC8A33-8B4F-4D8B-891F-70FB8B7FF864}.Debug|Any CPU.ActiveCfg = Debug|Any CPU
		{46EC8A33-8B4F-4D8B-891F-70FB8B7FF864}.Debug|Any CPU.Build.0 = Debug|Any CPU
		{46EC8A33-8B4F-4D8B-891F-70FB8B7FF864}.Release|Any CPU.ActiveCfg = Release|Any CPU
		{46EC8A33-8B4F-4D8B-891F-70FB8B7FF864}.Release|Any CPU.Build.0 = Release|Any CPU
	EndGlobalSection
	GlobalSection(SolutionProperties) = preSolution
		HideSolutionNode = FALSE
	EndGlobalSection
	GlobalSection(ExtensibilityGlobals) = postSolution
		SolutionGuid = {EC583039-03C5-4096-AA1D-BC0F0FF8EDB9}
	EndGlobalSection
EndGlobal
